# THIS IS AN AUTOGENERATED FILE. DO NOT EDIT THIS FILE DIRECTLY.
# yarn lockfile v1


flow-bin@^0.102.0:
  version "0.102.0"
  resolved "https://registry.yarnpkg.com/flow-bin/-/flow-bin-0.102.0.tgz#3d5de44bcc26d26585e932b3201988b766f9b380"
  integrity sha512-mYon6noeLO0Q5SbiWULLQeM1L96iuXnRtYMd47j3bEWXAwUW9EnwNWcn+cZg/jC/Dg4Wj/jnkdTDEuFtbeu1ww==
